
Microsoft Visual Studio Solution File, Format Version 12.00
# Visual Studio Version 17
VisualStudioVersion = 17.11.35312.102
MinimumVisualStudioVersion = 10.0.40219.1
Project("{FAE04EC0-301F-11D3-BF4B-00C04F79EFBC}") = "Api", "Api\Api.csproj", "{B60EB93A-EFDF-4BD1-9E71-995C280931A3}"
EndProject
Global
	GlobalSection(SolutionConfigurationPlatforms) = preSolution
		Debug|Any CPU = Debug|Any CPU
		Release|Any CPU = Release|Any CPU
	EndGlobalSection
	GlobalSection(ProjectConfigurationPlatforms) = postSolution
		{B60EB93A-EFDF-4BD1-9E71-995C280931A3}.Debug|Any CPU.ActiveCfg = Debug|Any CPU
		{B60EB93A-EFDF-4BD1-9E71-995C280931A3}.Debug|Any CPU.Build.0 = Debug|Any CPU
		{B60EB93A-EFDF-4BD1-9E71-995C280931A3}.Release|Any CPU.ActiveCfg = Release|Any CPU
		{B60EB93A-EFDF-4BD1-9E71-995C280931A3}.Release|Any CPU.Build.0 = Release|Any CPU
	EndGlobalSection
	GlobalSection(SolutionProperties) = preSolution
		HideSolutionNode = FALSE
	EndGlobalSection
	GlobalSection(ExtensibilityGlobals) = postSolution
		SolutionGuid = {F4DAC68E-D75B-4D01-9BD7-759050992CDE}
	EndGlobalSection
EndGlobal
